module.s3-backend.yandex_resourcemanager_folder.s3-folder: Refreshing state... [id=b1g69vcep3edfhtfk9q0]
module.s3-backend.yandex_iam_service_account.bucket-acc-admin: Refreshing state... [id=ajed938so7bmtu9idas9]
module.s3-backend.yandex_kms_symmetric_key.bucket-skey: Refreshing state... [id=abj887lq6acmtttbbue8]
module.s3-backend.yandex_iam_service_account.bucket-acc-uploader: Refreshing state... [id=aje77k3oi9mo3g2v8o92]
module.s3-backend.yandex_resourcemanager_folder_iam_member.acc-bucket-admin-acl: Refreshing state... [id=b1g69vcep3edfhtfk9q0/admin/serviceAccount:ajed938so7bmtu9idas9]
module.s3-backend.yandex_iam_service_account_static_access_key.bucket-admin-key: Refreshing state... [id=ajelbs8o5jtr1so010tl]
module.s3-backend.yandex_resourcemanager_folder_iam_member.acc-bucket-uploader-acl: Refreshing state... [id=b1g69vcep3edfhtfk9q0/editor/serviceAccount:aje77k3oi9mo3g2v8o92]
module.s3-backend.yandex_iam_service_account_static_access_key.bucket-uploader-key: Refreshing state... [id=ajenm0kog7bnjptgab3u]

Terraform used the selected providers to generate the following execution
plan. Resource actions are indicated with the following symbols:
  + create

Terraform will perform the following actions:

  # module.s3-backend.yandex_storage_bucket.bucket will be created
  + resource "yandex_storage_bucket" "bucket" {
      + access_key         = "flJgPoVujHQ5j9GVR4sJ"
      + acl                = "private"
      + bucket             = "tf--c2-b6-pr6--0"
      + bucket_domain_name = (known after apply)
      + force_destroy      = false
      + id                 = (known after apply)
      + secret_key         = (sensitive value)
      + website_domain     = (known after apply)
      + website_endpoint   = (known after apply)

      + server_side_encryption_configuration {
          + rule {
              + apply_server_side_encryption_by_default {
                  + kms_master_key_id = "abj887lq6acmtttbbue8"
                  + sse_algorithm     = "aws:kms"
                }
            }
        }

      + versioning {
          + enabled = true
        }
    }

Plan: 1 to add, 0 to change, 0 to destroy.

Do you want to perform these actions?
  Terraform will perform the actions described above.
  Only 'yes' will be accepted to approve.

  Enter a value: 
module.s3-backend.yandex_storage_bucket.bucket: Creating...
module.s3-backend.yandex_storage_bucket.bucket: Creation complete after 3s [id=tf--c2-b6-pr6--0]

Apply complete! Resources: 1 added, 0 changed, 0 destroyed.

Outputs:

access-key = "GEfGs6GweA82FyRTIpUS"
bucket-endpoint = "storage.yandexcloud.net"
bucket-name = "tf--c2-b6-pr6--0"
bucket-region = "ru-central1-a"
secret-key = <sensitive>
